
Microsoft Visual Studio Solution File, Format Version 12.00
# Visual Studio Version 16
VisualStudioVersion = 16.0.31729.503
MinimumVisualStudioVersion = 10.0.40219.1
Project("{9A19103F-16F7-4668-BE54-9A1E7A4F7556}") = "Hello World", "Hello World.csproj", "{F2700241-2ED2-4680-AC1E-B9711BE55C24}"
EndProject
Project("{FAE04EC0-301F-11D3-BF4B-00C04F79EFBC}") = "ConsoleApp1", "..\ConsoleApp1\ConsoleApp1.csproj", "{C6DA269A-6263-43F0-A38B-C785803E36EF}"
EndProject
Project("{9A19103F-16F7-4668-BE54-9A1E7A4F7556}") = "Type", "..\Type\Type.csproj", "{921A4F77-5E24-469F-8575-D703D91FD300}"
EndProject
Project("{9A19103F-16F7-4668-BE54-9A1E7A4F7556}") = "Enam_rec", "..\HelloWorld5\Enam_rec.csproj", "{101D42D7-F650-4413-8822-7971B5649E1A}"
EndProject
Project("{9A19103F-16F7-4668-BE54-9A1E7A4F7556}") = "Circle", "..\Circle\Circle.csproj", "{99E7111D-BA15-4F81-BB3A-92D266BAD3D7}"
EndProject
Project("{9A19103F-16F7-4668-BE54-9A1E7A4F7556}") = "DZ1_Hitt", "..\DZ1_Hitt\DZ1_Hitt.csproj", "{91E67C30-DBF5-4538-A005-1DCFE45696EE}"
EndProject
Project("{9A19103F-16F7-4668-BE54-9A1E7A4F7556}") = "DZ2_Hitt", "..\DZ2_Hitt\DZ2_Hitt.csproj", "{D89390AB-7582-4C13-99B8-7F57C31FEAEF}"
EndProject
Project("{9A19103F-16F7-4668-BE54-9A1E7A4F7556}") = "TestInt128", "..\TestInt128\TestInt128.csproj", "{9E1D32CE-1AA9-4491-99EA-A642048E69B1}"
EndProject
Project("{9A19103F-16F7-4668-BE54-9A1E7A4F7556}") = "H_Int128", "..\H_Int128\H_Int128.csproj", "{32F6B007-2F8C-48E0-8DFB-E7479982AB4F}"
EndProject
Project("{9A19103F-16F7-4668-BE54-9A1E7A4F7556}") = "UInt128S", "..\UInt128S\UInt128S.csproj", "{816473E9-D0BA-42E9-A9F4-BA4F7E377DD3}"
EndProject
Project("{9A19103F-16F7-4668-BE54-9A1E7A4F7556}") = "Day7(Tanks)", "..\Day7(Tanks)\Day7(Tanks).csproj", "{F549951D-8F15-43AA-9EC0-3E36A25CAEAC}"
EndProject
Project("{9A19103F-16F7-4668-BE54-9A1E7A4F7556}") = "MyClassLib", "..\MyClassLib\MyClassLib.csproj", "{FD10A070-A7AF-4013-88A4-9B76FA131F3B}"
EndProject
Project("{FAE04EC0-301F-11D3-BF4B-00C04F79EFBC}") = "AbstractClass", "..\AbstractClass\AbstractClass.csproj", "{94DE3D11-0B91-49BF-B2E0-2AFC52A9B6DF}"
EndProject
Project("{FAE04EC0-301F-11D3-BF4B-00C04F79EFBC}") = "DelegateDemo", "..\DelegateDemo\DelegateDemo.csproj", "{9A73899F-1D61-4228-9518-23A376C4D987}"
EndProject
Project("{FAE04EC0-301F-11D3-BF4B-00C04F79EFBC}") = "GenericDemo", "..\GenericDemo\GenericDemo.csproj", "{09D19393-D08B-4BCC-AC6D-FE83236986C3}"
EndProject
Global
	GlobalSection(SolutionConfigurationPlatforms) = preSolution
		Debug|Any CPU = Debug|Any CPU
		Release|Any CPU = Release|Any CPU
	EndGlobalSection
	GlobalSection(ProjectConfigurationPlatforms) = postSolution
		{F2700241-2ED2-4680-AC1E-B9711BE55C24}.Debug|Any CPU.ActiveCfg = Debug|Any CPU
		{F2700241-2ED2-4680-AC1E-B9711BE55C24}.Debug|Any CPU.Build.0 = Debug|Any CPU
		{F2700241-2ED2-4680-AC1E-B9711BE55C24}.Release|Any CPU.ActiveCfg = Release|Any CPU
		{F2700241-2ED2-4680-AC1E-B9711BE55C24}.Release|Any CPU.Build.0 = Release|Any CPU
		{C6DA269A-6263-43F0-A38B-C785803E36EF}.Debug|Any CPU.ActiveCfg = Debug|Any CPU
		{C6DA269A-6263-43F0-A38B-C785803E36EF}.Debug|Any CPU.Build.0 = Debug|Any CPU
		{C6DA269A-6263-43F0-A38B-C785803E36EF}.Release|Any CPU.ActiveCfg = Release|Any CPU
		{C6DA269A-6263-43F0-A38B-C785803E36EF}.Release|Any CPU.Build.0 = Release|Any CPU
		{921A4F77-5E24-469F-8575-D703D91FD300}.Debug|Any CPU.ActiveCfg = Debug|Any CPU
		{921A4F77-5E24-469F-8575-D703D91FD300}.Debug|Any CPU.Build.0 = Debug|Any CPU
		{921A4F77-5E24-469F-8575-D703D91FD300}.Release|Any CPU.ActiveCfg = Release|Any CPU
		{921A4F77-5E24-469F-8575-D703D91FD300}.Release|Any CPU.Build.0 = Release|Any CPU
		{101D42D7-F650-4413-8822-7971B5649E1A}.Debug|Any CPU.ActiveCfg = Debug|Any CPU
		{101D42D7-F650-4413-8822-7971B5649E1A}.Debug|Any CPU.Build.0 = Debug|Any CPU
		{101D42D7-F650-4413-8822-7971B5649E1A}.Release|Any CPU.ActiveCfg = Release|Any CPU
		{101D42D7-F650-4413-8822-7971B5649E1A}.Release|Any CPU.Build.0 = Release|Any CPU
		{99E7111D-BA15-4F81-BB3A-92D266BAD3D7}.Debug|Any CPU.ActiveCfg = Debug|Any CPU
		{99E7111D-BA15-4F81-BB3A-92D266BAD3D7}.Debug|Any CPU.Build.0 = Debug|Any CPU
		{99E7111D-BA15-4F81-BB3A-92D266BAD3D7}.Release|Any CPU.ActiveCfg = Release|Any CPU
		{99E7111D-BA15-4F81-BB3A-92D266BAD3D7}.Release|Any CPU.Build.0 = Release|Any CPU
		{91E67C30-DBF5-4538-A005-1DCFE45696EE}.Debug|Any CPU.ActiveCfg = Debug|Any CPU
		{91E67C30-DBF5-4538-A005-1DCFE45696EE}.Debug|Any CPU.Build.0 = Debug|Any CPU
		{91E67C30-DBF5-4538-A005-1DCFE45696EE}.Release|Any CPU.ActiveCfg = Release|Any CPU
		{91E67C30-DBF5-4538-A005-1DCFE45696EE}.Release|Any CPU.Build.0 = Release|Any CPU
		{D89390AB-7582-4C13-99B8-7F57C31FEAEF}.Debug|Any CPU.ActiveCfg = Debug|Any CPU
		{D89390AB-7582-4C13-99B8-7F57C31FEAEF}.Debug|Any CPU.Build.0 = Debug|Any CPU
		{D89390AB-7582-4C13-99B8-7F57C31FEAEF}.Release|Any CPU.ActiveCfg = Release|Any CPU
		{D89390AB-7582-4C13-99B8-7F57C31FEAEF}.Release|Any CPU.Build.0 = Release|Any CPU
		{9E1D32CE-1AA9-4491-99EA-A642048E69B1}.Debug|Any CPU.ActiveCfg = Debug|Any CPU
		{9E1D32CE-1AA9-4491-99EA-A642048E69B1}.Debug|Any CPU.Build.0 = Debug|Any CPU
		{9E1D32CE-1AA9-4491-99EA-A642048E69B1}.Release|Any CPU.ActiveCfg = Release|Any CPU
		{9E1D32CE-1AA9-4491-99EA-A642048E69B1}.Release|Any CPU.Build.0 = Release|Any CPU
		{32F6B007-2F8C-48E0-8DFB-E7479982AB4F}.Debug|Any CPU.ActiveCfg = Debug|Any CPU
		{32F6B007-2F8C-48E0-8DFB-E7479982AB4F}.Debug|Any CPU.Build.0 = Debug|Any CPU
		{32F6B007-2F8C-48E0-8DFB-E7479982AB4F}.Release|Any CPU.ActiveCfg = Release|Any CPU
		{32F6B007-2F8C-48E0-8DFB-E7479982AB4F}.Release|Any CPU.Build.0 = Release|Any CPU
		{816473E9-D0BA-42E9-A9F4-BA4F7E377DD3}.Debug|Any CPU.ActiveCfg = Debug|Any CPU
		{816473E9-D0BA-42E9-A9F4-BA4F7E377DD3}.Debug|Any CPU.Build.0 = Debug|Any CPU
		{816473E9-D0BA-42E9-A9F4-BA4F7E377DD3}.Release|Any CPU.ActiveCfg = Release|Any CPU
		{816473E9-D0BA-42E9-A9F4-BA4F7E377DD3}.Release|Any CPU.Build.0 = Release|Any CPU
		{F549951D-8F15-43AA-9EC0-3E36A25CAEAC}.Debug|Any CPU.ActiveCfg = Debug|Any CPU
		{F549951D-8F15-43AA-9EC0-3E36A25CAEAC}.Debug|Any CPU.Build.0 = Debug|Any CPU
		{F549951D-8F15-43AA-9EC0-3E36A25CAEAC}.Release|Any CPU.ActiveCfg = Release|Any CPU
		{F549951D-8F15-43AA-9EC0-3E36A25CAEAC}.Release|Any CPU.Build.0 = Release|Any CPU
		{FD10A070-A7AF-4013-88A4-9B76FA131F3B}.Debug|Any CPU.ActiveCfg = Debug|Any CPU
		{FD10A070-A7AF-4013-88A4-9B76FA131F3B}.Debug|Any CPU.Build.0 = Debug|Any CPU
		{FD10A070-A7AF-4013-88A4-9B76FA131F3B}.Release|Any CPU.ActiveCfg = Release|Any CPU
		{FD10A070-A7AF-4013-88A4-9B76FA131F3B}.Release|Any CPU.Build.0 = Release|Any CPU
		{94DE3D11-0B91-49BF-B2E0-2AFC52A9B6DF}.Debug|Any CPU.ActiveCfg = Debug|Any CPU
		{94DE3D11-0B91-49BF-B2E0-2AFC52A9B6DF}.Debug|Any CPU.Build.0 = Debug|Any CPU
		{94DE3D11-0B91-49BF-B2E0-2AFC52A9B6DF}.Release|Any CPU.ActiveCfg = Release|Any CPU
		{94DE3D11-0B91-49BF-B2E0-2AFC52A9B6DF}.Release|Any CPU.Build.0 = Release|Any CPU
		{9A73899F-1D61-4228-9518-23A376C4D987}.Debug|Any CPU.ActiveCfg = Debug|Any CPU
		{9A73899F-1D61-4228-9518-23A376C4D987}.Debug|Any CPU.Build.0 = Debug|Any CPU
		{9A73899F-1D61-4228-9518-23A376C4D987}.Release|Any CPU.ActiveCfg = Release|Any CPU
		{9A73899F-1D61-4228-9518-23A376C4D987}.Release|Any CPU.Build.0 = Release|Any CPU
		{09D19393-D08B-4BCC-AC6D-FE83236986C3}.Debug|Any CPU.ActiveCfg = Debug|Any CPU
		{09D19393-D08B-4BCC-AC6D-FE83236986C3}.Debug|Any CPU.Build.0 = Debug|Any CPU
		{09D19393-D08B-4BCC-AC6D-FE83236986C3}.Release|Any CPU.ActiveCfg = Release|Any CPU
		{09D19393-D08B-4BCC-AC6D-FE83236986C3}.Release|Any CPU.Build.0 = Release|Any CPU
	EndGlobalSection
	GlobalSection(SolutionProperties) = preSolution
		HideSolutionNode = FALSE
	EndGlobalSection
	GlobalSection(ExtensibilityGlobals) = postSolution
		SolutionGuid = {C7A8EDAB-BB9F-4D44-8322-E23A9532BA8F}
	EndGlobalSection
EndGlobal
