
Microsoft Visual Studio Solution File, Format Version 12.00
# Visual Studio Version 16
VisualStudioVersion = 16.0.31729.503
MinimumVisualStudioVersion = 10.0.40219.1
Project("{9A19103F-16F7-4668-BE54-9A1E7A4F7556}") = "Hello World", "Hello World.csproj", "{F2700241-2ED2-4680-AC1E-B9711BE55C24}"
EndProject
Project("{FAE04EC0-301F-11D3-BF4B-00C04F79EFBC}") = "ConsoleApp1", "..\ConsoleApp1\ConsoleApp1.csproj", "{C6DA269A-6263-43F0-A38B-C785803E36EF}"
EndProject
Project("{9A19103F-16F7-4668-BE54-9A1E7A4F7556}") = "Type", "..\Type\Type.csproj", "{921A4F77-5E24-469F-8575-D703D91FD300}"
EndProject
Project("{9A19103F-16F7-4668-BE54-9A1E7A4F7556}") = "Enam_rec", "..\HelloWorld5\Enam_rec.csproj", "{101D42D7-F650-4413-8822-7971B5649E1A}"
EndProject
Project("{9A19103F-16F7-4668-BE54-9A1E7A4F7556}") = "Circle", "..\Circle\Circle.csproj", "{99E7111D-BA15-4F81-BB3A-92D266BAD3D7}"
EndProject
Project("{9A19103F-16F7-4668-BE54-9A1E7A4F7556}") = "DZ1_Hitt", "..\DZ1_Hitt\DZ1_Hitt.csproj", "{91E67C30-DBF5-4538-A005-1DCFE45696EE}"
EndProject
Project("{9A19103F-16F7-4668-BE54-9A1E7A4F7556}") = "DZ2_Hitt", "..\DZ2_Hitt\DZ2_Hitt.csproj", "{D89390AB-7582-4C13-99B8-7F57C31FEAEF}"
EndProject
Project("{9A19103F-16F7-4668-BE54-9A1E7A4F7556}") = "TestInt128", "..\TestInt128\TestInt128.csproj", "{9E1D32CE-1AA9-4491-99EA-A642048E69B1}"
EndProject
Project("{9A19103F-16F7-4668-BE54-9A1E7A4F7556}") = "H_Int128", "..\H_Int128\H_Int128.csproj", "{32F6B007-2F8C-48E0-8DFB-E7479982AB4F}"
EndProject
Project("{9A19103F-16F7-4668-BE54-9A1E7A4F7556}") = "UInt128S", "..\UInt128S\UInt128S.csproj", "{816473E9-D0BA-42E9-A9F4-BA4F7E377DD3}"
EndProject
Project("{9A19103F-16F7-4668-BE54-9A1E7A4F7556}") = "Day7(Tanks)", "..\Day7(Tanks)\Day7(Tanks).csproj", "{F549951D-8F15-43AA-9EC0-3E36A25CAEAC}"
EndProject
Project("{9A19103F-16F7-4668-BE54-9A1E7A4F7556}") = "MyClassLib", "..\MyClassLib\MyClassLib.csproj", "{FD10A070-A7AF-4013-88A4-9B76FA131F3B}"
EndProject
Project("{9A19103F-16F7-4668-BE54-9A1E7A4F7556}") = "AbstractClass", "..\AbstractClass\AbstractClass.csproj", "{94DE3D11-0B91-49BF-B2E0-2AFC52A9B6DF}"
EndProject
Project("{9A19103F-16F7-4668-BE54-9A1E7A4F7556}") = "DelegateDemo", "..\DelegateDemo\DelegateDemo.csproj", "{9A73899F-1D61-4228-9518-23A376C4D987}"
EndProject
Project("{9A19103F-16F7-4668-BE54-9A1E7A4F7556}") = "GenericDemo", "..\GenericDemo\GenericDemo.csproj", "{09D19393-D08B-4BCC-AC6D-FE83236986C3}"
EndProject
Project("{9A19103F-16F7-4668-BE54-9A1E7A4F7556}") = "GCDemo", "..\GCDemo\GCDemo.csproj", "{373CBA29-3455-4C48-A7F0-0DF089424A37}"
EndProject
Project("{9A19103F-16F7-4668-BE54-9A1E7A4F7556}") = "FileDemo", "..\FileDemo\FileDemo.csproj", "{807ABFBC-61B2-43C1-9D08-E112ABD8A18B}"
EndProject
Project("{9A19103F-16F7-4668-BE54-9A1E7A4F7556}") = "MyLs", "..\MyLs\MyLs.csproj", "{A885C5E6-6FC2-41D9-B562-9034887FCD9C}"
EndProject
Project("{9A19103F-16F7-4668-BE54-9A1E7A4F7556}") = "HouseBuildingTest", "..\HouseBuildingTest\HouseBuildingTest.csproj", "{0ACD4A37-A2F4-4A1F-A16A-9766E586E0C6}"
EndProject
Project("{9A19103F-16F7-4668-BE54-9A1E7A4F7556}") = "LinqDemo", "..\LinqDemo\LinqDemo.csproj", "{B60B4FD6-0737-4641-9E0A-75B790842E16}"
EndProject
Project("{9A19103F-16F7-4668-BE54-9A1E7A4F7556}") = "SerializeDemo", "..\Serialize\SerializeDemo.csproj", "{EBAEE5D2-0865-409D-815B-499BB43B9E80}"
EndProject
Project("{9A19103F-16F7-4668-BE54-9A1E7A4F7556}") = "Exam", "..\Exam\Exam.csproj", "{150C8FA4-FE9C-44F5-89F4-C2BA1403C6E7}"
EndProject
Project("{9A19103F-16F7-4668-BE54-9A1E7A4F7556}") = "WinForms", "..\WinForms\WinForms.csproj", "{0B45A72D-08F5-4660-BE8D-FFDDA34E41CC}"
EndProject
Project("{2150E333-8FDC-42A3-9474-1A3956D46DE8}") = "WindowsForm", "WindowsForm", "{DFDBD223-1CCE-4E0B-89CC-1CCAF65B7667}"
EndProject
Project("{2150E333-8FDC-42A3-9474-1A3956D46DE8}") = "ClassWork", "ClassWork", "{F15F2B17-EC34-4415-9384-598F2EB9D043}"
EndProject
Project("{2150E333-8FDC-42A3-9474-1A3956D46DE8}") = "HomeWork", "HomeWork", "{C912572B-465C-467A-9D38-FE67B3222461}"
EndProject
Project("{FAE04EC0-301F-11D3-BF4B-00C04F79EFBC}") = "DZ_1WPF", "..\WPF_DZ\DZ_1WPF\DZ_1WPF.csproj", "{A1F10112-BFE6-4A89-AFDD-E1ABBCA5B730}"
EndProject
Project("{FAE04EC0-301F-11D3-BF4B-00C04F79EFBC}") = "WinFormsApp2", "..\WinFormsApp2\WinFormsApp2.csproj", "{66BF0877-FA84-48FA-AAEB-E067D656F214}"
EndProject
Global
	GlobalSection(SolutionConfigurationPlatforms) = preSolution
		Debug|Any CPU = Debug|Any CPU
		Release|Any CPU = Release|Any CPU
	EndGlobalSection
	GlobalSection(ProjectConfigurationPlatforms) = postSolution
		{F2700241-2ED2-4680-AC1E-B9711BE55C24}.Debug|Any CPU.ActiveCfg = Debug|Any CPU
		{F2700241-2ED2-4680-AC1E-B9711BE55C24}.Debug|Any CPU.Build.0 = Debug|Any CPU
		{F2700241-2ED2-4680-AC1E-B9711BE55C24}.Release|Any CPU.ActiveCfg = Release|Any CPU
		{F2700241-2ED2-4680-AC1E-B9711BE55C24}.Release|Any CPU.Build.0 = Release|Any CPU
		{C6DA269A-6263-43F0-A38B-C785803E36EF}.Debug|Any CPU.ActiveCfg = Debug|Any CPU
		{C6DA269A-6263-43F0-A38B-C785803E36EF}.Debug|Any CPU.Build.0 = Debug|Any CPU
		{C6DA269A-6263-43F0-A38B-C785803E36EF}.Release|Any CPU.ActiveCfg = Release|Any CPU
		{C6DA269A-6263-43F0-A38B-C785803E36EF}.Release|Any CPU.Build.0 = Release|Any CPU
		{921A4F77-5E24-469F-8575-D703D91FD300}.Debug|Any CPU.ActiveCfg = Debug|Any CPU
		{921A4F77-5E24-469F-8575-D703D91FD300}.Debug|Any CPU.Build.0 = Debug|Any CPU
		{921A4F77-5E24-469F-8575-D703D91FD300}.Release|Any CPU.ActiveCfg = Release|Any CPU
		{921A4F77-5E24-469F-8575-D703D91FD300}.Release|Any CPU.Build.0 = Release|Any CPU
		{101D42D7-F650-4413-8822-7971B5649E1A}.Debug|Any CPU.ActiveCfg = Debug|Any CPU
		{101D42D7-F650-4413-8822-7971B5649E1A}.Debug|Any CPU.Build.0 = Debug|Any CPU
		{101D42D7-F650-4413-8822-7971B5649E1A}.Release|Any CPU.ActiveCfg = Release|Any CPU
		{101D42D7-F650-4413-8822-7971B5649E1A}.Release|Any CPU.Build.0 = Release|Any CPU
		{99E7111D-BA15-4F81-BB3A-92D266BAD3D7}.Debug|Any CPU.ActiveCfg = Debug|Any CPU
		{99E7111D-BA15-4F81-BB3A-92D266BAD3D7}.Debug|Any CPU.Build.0 = Debug|Any CPU
		{99E7111D-BA15-4F81-BB3A-92D266BAD3D7}.Release|Any CPU.ActiveCfg = Release|Any CPU
		{99E7111D-BA15-4F81-BB3A-92D266BAD3D7}.Release|Any CPU.Build.0 = Release|Any CPU
		{91E67C30-DBF5-4538-A005-1DCFE45696EE}.Debug|Any CPU.ActiveCfg = Debug|Any CPU
		{91E67C30-DBF5-4538-A005-1DCFE45696EE}.Debug|Any CPU.Build.0 = Debug|Any CPU
		{91E67C30-DBF5-4538-A005-1DCFE45696EE}.Release|Any CPU.ActiveCfg = Release|Any CPU
		{91E67C30-DBF5-4538-A005-1DCFE45696EE}.Release|Any CPU.Build.0 = Release|Any CPU
		{D89390AB-7582-4C13-99B8-7F57C31FEAEF}.Debug|Any CPU.ActiveCfg = Debug|Any CPU
		{D89390AB-7582-4C13-99B8-7F57C31FEAEF}.Debug|Any CPU.Build.0 = Debug|Any CPU
		{D89390AB-7582-4C13-99B8-7F57C31FEAEF}.Release|Any CPU.ActiveCfg = Release|Any CPU
		{D89390AB-7582-4C13-99B8-7F57C31FEAEF}.Release|Any CPU.Build.0 = Release|Any CPU
		{9E1D32CE-1AA9-4491-99EA-A642048E69B1}.Debug|Any CPU.ActiveCfg = Debug|Any CPU
		{9E1D32CE-1AA9-4491-99EA-A642048E69B1}.Debug|Any CPU.Build.0 = Debug|Any CPU
		{9E1D32CE-1AA9-4491-99EA-A642048E69B1}.Release|Any CPU.ActiveCfg = Release|Any CPU
		{9E1D32CE-1AA9-4491-99EA-A642048E69B1}.Release|Any CPU.Build.0 = Release|Any CPU
		{32F6B007-2F8C-48E0-8DFB-E7479982AB4F}.Debug|Any CPU.ActiveCfg = Debug|Any CPU
		{32F6B007-2F8C-48E0-8DFB-E7479982AB4F}.Debug|Any CPU.Build.0 = Debug|Any CPU
		{32F6B007-2F8C-48E0-8DFB-E7479982AB4F}.Release|Any CPU.ActiveCfg = Release|Any CPU
		{32F6B007-2F8C-48E0-8DFB-E7479982AB4F}.Release|Any CPU.Build.0 = Release|Any CPU
		{816473E9-D0BA-42E9-A9F4-BA4F7E377DD3}.Debug|Any CPU.ActiveCfg = Debug|Any CPU
		{816473E9-D0BA-42E9-A9F4-BA4F7E377DD3}.Debug|Any CPU.Build.0 = Debug|Any CPU
		{816473E9-D0BA-42E9-A9F4-BA4F7E377DD3}.Release|Any CPU.ActiveCfg = Release|Any CPU
		{816473E9-D0BA-42E9-A9F4-BA4F7E377DD3}.Release|Any CPU.Build.0 = Release|Any CPU
		{F549951D-8F15-43AA-9EC0-3E36A25CAEAC}.Debug|Any CPU.ActiveCfg = Debug|Any CPU
		{F549951D-8F15-43AA-9EC0-3E36A25CAEAC}.Debug|Any CPU.Build.0 = Debug|Any CPU
		{F549951D-8F15-43AA-9EC0-3E36A25CAEAC}.Release|Any CPU.ActiveCfg = Release|Any CPU
		{F549951D-8F15-43AA-9EC0-3E36A25CAEAC}.Release|Any CPU.Build.0 = Release|Any CPU
		{FD10A070-A7AF-4013-88A4-9B76FA131F3B}.Debug|Any CPU.ActiveCfg = Debug|Any CPU
		{FD10A070-A7AF-4013-88A4-9B76FA131F3B}.Debug|Any CPU.Build.0 = Debug|Any CPU
		{FD10A070-A7AF-4013-88A4-9B76FA131F3B}.Release|Any CPU.ActiveCfg = Release|Any CPU
		{FD10A070-A7AF-4013-88A4-9B76FA131F3B}.Release|Any CPU.Build.0 = Release|Any CPU
		{94DE3D11-0B91-49BF-B2E0-2AFC52A9B6DF}.Debug|Any CPU.ActiveCfg = Debug|Any CPU
		{94DE3D11-0B91-49BF-B2E0-2AFC52A9B6DF}.Debug|Any CPU.Build.0 = Debug|Any CPU
		{94DE3D11-0B91-49BF-B2E0-2AFC52A9B6DF}.Release|Any CPU.ActiveCfg = Release|Any CPU
		{94DE3D11-0B91-49BF-B2E0-2AFC52A9B6DF}.Release|Any CPU.Build.0 = Release|Any CPU
		{9A73899F-1D61-4228-9518-23A376C4D987}.Debug|Any CPU.ActiveCfg = Debug|Any CPU
		{9A73899F-1D61-4228-9518-23A376C4D987}.Debug|Any CPU.Build.0 = Debug|Any CPU
		{9A73899F-1D61-4228-9518-23A376C4D987}.Release|Any CPU.ActiveCfg = Release|Any CPU
		{9A73899F-1D61-4228-9518-23A376C4D987}.Release|Any CPU.Build.0 = Release|Any CPU
		{09D19393-D08B-4BCC-AC6D-FE83236986C3}.Debug|Any CPU.ActiveCfg = Debug|Any CPU
		{09D19393-D08B-4BCC-AC6D-FE83236986C3}.Debug|Any CPU.Build.0 = Debug|Any CPU
		{09D19393-D08B-4BCC-AC6D-FE83236986C3}.Release|Any CPU.ActiveCfg = Release|Any CPU
		{09D19393-D08B-4BCC-AC6D-FE83236986C3}.Release|Any CPU.Build.0 = Release|Any CPU
		{373CBA29-3455-4C48-A7F0-0DF089424A37}.Debug|Any CPU.ActiveCfg = Debug|Any CPU
		{373CBA29-3455-4C48-A7F0-0DF089424A37}.Debug|Any CPU.Build.0 = Debug|Any CPU
		{373CBA29-3455-4C48-A7F0-0DF089424A37}.Release|Any CPU.ActiveCfg = Release|Any CPU
		{373CBA29-3455-4C48-A7F0-0DF089424A37}.Release|Any CPU.Build.0 = Release|Any CPU
		{807ABFBC-61B2-43C1-9D08-E112ABD8A18B}.Debug|Any CPU.ActiveCfg = Debug|Any CPU
		{807ABFBC-61B2-43C1-9D08-E112ABD8A18B}.Debug|Any CPU.Build.0 = Debug|Any CPU
		{807ABFBC-61B2-43C1-9D08-E112ABD8A18B}.Release|Any CPU.ActiveCfg = Release|Any CPU
		{807ABFBC-61B2-43C1-9D08-E112ABD8A18B}.Release|Any CPU.Build.0 = Release|Any CPU
		{A885C5E6-6FC2-41D9-B562-9034887FCD9C}.Debug|Any CPU.ActiveCfg = Debug|Any CPU
		{A885C5E6-6FC2-41D9-B562-9034887FCD9C}.Debug|Any CPU.Build.0 = Debug|Any CPU
		{A885C5E6-6FC2-41D9-B562-9034887FCD9C}.Release|Any CPU.ActiveCfg = Release|Any CPU
		{A885C5E6-6FC2-41D9-B562-9034887FCD9C}.Release|Any CPU.Build.0 = Release|Any CPU
		{0ACD4A37-A2F4-4A1F-A16A-9766E586E0C6}.Debug|Any CPU.ActiveCfg = Debug|Any CPU
		{0ACD4A37-A2F4-4A1F-A16A-9766E586E0C6}.Debug|Any CPU.Build.0 = Debug|Any CPU
		{0ACD4A37-A2F4-4A1F-A16A-9766E586E0C6}.Release|Any CPU.ActiveCfg = Release|Any CPU
		{0ACD4A37-A2F4-4A1F-A16A-9766E586E0C6}.Release|Any CPU.Build.0 = Release|Any CPU
		{B60B4FD6-0737-4641-9E0A-75B790842E16}.Debug|Any CPU.ActiveCfg = Debug|Any CPU
		{B60B4FD6-0737-4641-9E0A-75B790842E16}.Debug|Any CPU.Build.0 = Debug|Any CPU
		{B60B4FD6-0737-4641-9E0A-75B790842E16}.Release|Any CPU.ActiveCfg = Release|Any CPU
		{B60B4FD6-0737-4641-9E0A-75B790842E16}.Release|Any CPU.Build.0 = Release|Any CPU
		{EBAEE5D2-0865-409D-815B-499BB43B9E80}.Debug|Any CPU.ActiveCfg = Debug|Any CPU
		{EBAEE5D2-0865-409D-815B-499BB43B9E80}.Debug|Any CPU.Build.0 = Debug|Any CPU
		{EBAEE5D2-0865-409D-815B-499BB43B9E80}.Release|Any CPU.ActiveCfg = Release|Any CPU
		{EBAEE5D2-0865-409D-815B-499BB43B9E80}.Release|Any CPU.Build.0 = Release|Any CPU
		{150C8FA4-FE9C-44F5-89F4-C2BA1403C6E7}.Debug|Any CPU.ActiveCfg = Debug|Any CPU
		{150C8FA4-FE9C-44F5-89F4-C2BA1403C6E7}.Debug|Any CPU.Build.0 = Debug|Any CPU
		{150C8FA4-FE9C-44F5-89F4-C2BA1403C6E7}.Release|Any CPU.ActiveCfg = Release|Any CPU
		{150C8FA4-FE9C-44F5-89F4-C2BA1403C6E7}.Release|Any CPU.Build.0 = Release|Any CPU
		{0B45A72D-08F5-4660-BE8D-FFDDA34E41CC}.Debug|Any CPU.ActiveCfg = Debug|Any CPU
		{0B45A72D-08F5-4660-BE8D-FFDDA34E41CC}.Debug|Any CPU.Build.0 = Debug|Any CPU
		{0B45A72D-08F5-4660-BE8D-FFDDA34E41CC}.Release|Any CPU.ActiveCfg = Release|Any CPU
		{0B45A72D-08F5-4660-BE8D-FFDDA34E41CC}.Release|Any CPU.Build.0 = Release|Any CPU
		{A1F10112-BFE6-4A89-AFDD-E1ABBCA5B730}.Debug|Any CPU.ActiveCfg = Debug|Any CPU
		{A1F10112-BFE6-4A89-AFDD-E1ABBCA5B730}.Debug|Any CPU.Build.0 = Debug|Any CPU
		{A1F10112-BFE6-4A89-AFDD-E1ABBCA5B730}.Release|Any CPU.ActiveCfg = Release|Any CPU
		{A1F10112-BFE6-4A89-AFDD-E1ABBCA5B730}.Release|Any CPU.Build.0 = Release|Any CPU
		{66BF0877-FA84-48FA-AAEB-E067D656F214}.Debug|Any CPU.ActiveCfg = Debug|Any CPU
		{66BF0877-FA84-48FA-AAEB-E067D656F214}.Debug|Any CPU.Build.0 = Debug|Any CPU
		{66BF0877-FA84-48FA-AAEB-E067D656F214}.Release|Any CPU.ActiveCfg = Release|Any CPU
		{66BF0877-FA84-48FA-AAEB-E067D656F214}.Release|Any CPU.Build.0 = Release|Any CPU
	EndGlobalSection
	GlobalSection(SolutionProperties) = preSolution
		HideSolutionNode = FALSE
	EndGlobalSection
	GlobalSection(NestedProjects) = preSolution
		{0B45A72D-08F5-4660-BE8D-FFDDA34E41CC} = {F15F2B17-EC34-4415-9384-598F2EB9D043}
		{F15F2B17-EC34-4415-9384-598F2EB9D043} = {DFDBD223-1CCE-4E0B-89CC-1CCAF65B7667}
		{C912572B-465C-467A-9D38-FE67B3222461} = {DFDBD223-1CCE-4E0B-89CC-1CCAF65B7667}
		{A1F10112-BFE6-4A89-AFDD-E1ABBCA5B730} = {C912572B-465C-467A-9D38-FE67B3222461}
		{66BF0877-FA84-48FA-AAEB-E067D656F214} = {F15F2B17-EC34-4415-9384-598F2EB9D043}
	EndGlobalSection
	GlobalSection(ExtensibilityGlobals) = postSolution
		SolutionGuid = {C7A8EDAB-BB9F-4D44-8322-E23A9532BA8F}
	EndGlobalSection
EndGlobal
